
Microsoft Visual Studio Solution File, Format Version 12.00
# Visual Studio 2013
VisualStudioVersion = 12.0.40629.0
MinimumVisualStudioVersion = 10.0.40219.1
Project("{FAE04EC0-301F-11D3-BF4B-00C04F79EFBC}") = "COMP123-S2016-Lesson2B", "COMP123-S2016-Lesson2B\COMP123-S2016-Lesson2B.csproj", "{6CE4D510-937B-43A6-8345-2AA708109A74}"
EndProject
Project("{FAE04EC0-301F-11D3-BF4B-00C04F79EFBC}") = "UnitTestForLesson2B", "UnitTestForLesson2B\UnitTestForLesson2B.csproj", "{345E9579-CC18-40D8-B55F-065D7DB74B2D}"
EndProject
Global
	GlobalSection(SolutionConfigurationPlatforms) = preSolution
		Debug|Any CPU = Debug|Any CPU
		Release|Any CPU = Release|Any CPU
	EndGlobalSection
	GlobalSection(ProjectConfigurationPlatforms) = postSolution
		{6CE4D510-937B-43A6-8345-2AA708109A74}.Debug|Any CPU.ActiveCfg = Debug|Any CPU
		{6CE4D510-937B-43A6-8345-2AA708109A74}.Debug|Any CPU.Build.0 = Debug|Any CPU
		{6CE4D510-937B-43A6-8345-2AA708109A74}.Release|Any CPU.ActiveCfg = Release|Any CPU
		{6CE4D510-937B-43A6-8345-2AA708109A74}.Release|Any CPU.Build.0 = Release|Any CPU
		{345E9579-CC18-40D8-B55F-065D7DB74B2D}.Debug|Any CPU.ActiveCfg = Debug|Any CPU
		{345E9579-CC18-40D8-B55F-065D7DB74B2D}.Debug|Any CPU.Build.0 = Debug|Any CPU
		{345E9579-CC18-40D8-B55F-065D7DB74B2D}.Release|Any CPU.ActiveCfg = Release|Any CPU
		{345E9579-CC18-40D8-B55F-065D7DB74B2D}.Release|Any CPU.Build.0 = Release|Any CPU
	EndGlobalSection
	GlobalSection(SolutionProperties) = preSolution
		HideSolutionNode = FALSE
	EndGlobalSection
EndGlobal
